// !$*UTF8*$!
{
	archiveVersion = 1;
	classes = {
	};
	objectVersion = 50;
	objects = {

/* Begin PBXBuildFile section */
		8710CBE9227237D700CBA370 /* AppDelegate.m in Sources */ = {isa = PBXBuildFile; fileRef = 8710CBE8227237D700CBA370 /* AppDelegate.m */; };
		8710CBEC227237D700CBA370 /* ViewController.m in Sources */ = {isa = PBXBuildFile; fileRef = 8710CBEB227237D700CBA370 /* ViewController.m */; };
		8710CBEF227237D700CBA370 /* Main.storyboard in Resources */ = {isa = PBXBuildFile; fileRef = 8710CBED227237D700CBA370 /* Main.storyboard */; };
		8710CBF1227237D800CBA370 /* Assets.xcassets in Resources */ = {isa = PBXBuildFile; fileRef = 8710CBF0227237D800CBA370 /* Assets.xcassets */; };
		8710CBF4227237D800CBA370 /* LaunchScreen.storyboard in Resources */ = {isa = PBXBuildFile; fileRef = 8710CBF2227237D800CBA370 /* LaunchScreen.storyboard */; };
		8710CBF7227237D800CBA370 /* main.m in Sources */ = {isa = PBXBuildFile; fileRef = 8710CBF6227237D800CBA370 /* main.m */; };
		8710CBFF227238F600CBA370 /* exploit.m in Sources */ = {isa = PBXBuildFile; fileRef = 8710CBFD227238F500CBA370 /* exploit.m */; };
		8710CC02227238FF00CBA370 /* offsets.c in Sources */ = {isa = PBXBuildFile; fileRef = 8710CC01227238FF00CBA370 /* offsets.c */; };
/* End PBXBuildFile section */

/* Begin PBXFileReference section */
		8710CBE4227237D700CBA370 /* prelecta1212.app */ = {isa = PBXFileReference; explicitFileType = wrapper.application; includeInIndex = 0; path = prelecta1212.app; sourceTree = BUILT_PRODUCTS_DIR; };
		8710CBE7227237D700CBA370 /* AppDelegate.h */ = {isa = PBXFileReference; lastKnownFileType = sourcecode.c.h; path = AppDelegate.h; sourceTree = "<group>"; };
		8710CBE8227237D700CBA370 /* AppDelegate.m */ = {isa = PBXFileReference; lastKnownFileType = sourcecode.c.objc; path = AppDelegate.m; sourceTree = "<group>"; };
		8710CBEA227237D700CBA370 /* ViewController.h */ = {isa = PBXFileReference; lastKnownFileType = sourcecode.c.h; path = ViewController.h; sourceTree = "<group>"; };
		8710CBEB227237D700CBA370 /* ViewController.m */ = {isa = PBXFileReference; lastKnownFileType = sourcecode.c.objc; path = ViewController.m; sourceTree = "<group>"; };
		8710CBEE227237D700CBA370 /* Base */ = {isa = PBXFileReference; lastKnownFileType = file.storyboard; name = Base; path = Base.lproj/Main.storyboard; sourceTree = "<group>"; };
		8710CBF0227237D800CBA370 /* Assets.xcassets */ = {isa = PBXFileReference; lastKnownFileType = folder.assetcatalog; path = Assets.xcassets; sourceTree = "<group>"; };
		8710CBF3227237D800CBA370 /* Base */ = {isa = PBXFileReference; lastKnownFileType = file.storyboard; name = Base; path = Base.lproj/LaunchScreen.storyboard; sourceTree = "<group>"; };
		8710CBF5227237D800CBA370 /* Info.plist */ = {isa = PBXFileReference; lastKnownFileType = text.plist.xml; path = Info.plist; sourceTree = "<group>"; };
		8710CBF6227237D800CBA370 /* main.m */ = {isa = PBXFileReference; lastKnownFileType = sourcecode.c.objc; path = main.m; sourceTree = "<group>"; };
		8710CBFD227238F500CBA370 /* exploit.m */ = {isa = PBXFileReference; fileEncoding = 4; lastKnownFileType = sourcecode.c.objc; path = exploit.m; sourceTree = "<group>"; };
		8710CBFE227238F600CBA370 /* exploit.h */ = {isa = PBXFileReference; fileEncoding = 4; lastKnownFileType = sourcecode.c.h; path = exploit.h; sourceTree = "<group>"; };
		8710CC00227238FF00CBA370 /* offsets.h */ = {isa = PBXFileReference; fileEncoding = 4; lastKnownFileType = sourcecode.c.h; path = offsets.h; sourceTree = "<group>"; };
		8710CC01227238FF00CBA370 /* offsets.c */ = {isa = PBXFileReference; fileEncoding = 4; lastKnownFileType = sourcecode.c.c; path = offsets.c; sourceTree = "<group>"; };
/* End PBXFileReference section */

/* Begin PBXFrameworksBuildPhase section */
		8710CBE1227237D700CBA370 /* Frameworks */ = {
			isa = PBXFrameworksBuildPhase;
			buildActionMask = 2147483647;
			files = (
			);
			runOnlyForDeploymentPostprocessing = 0;
		};
/* End PBXFrameworksBuildPhase section */

/* Begin PBXGroup section */
		8710CBDB227237D700CBA370 = {
			isa = PBXGroup;
			children = (
				8710CBE6227237D700CBA370 /* prelecta1212 */,
				8710CBE5227237D700CBA370 /* Products */,
			);
			sourceTree = "<group>";
		};
		8710CBE5227237D700CBA370 /* Products */ = {
			isa = PBXGroup;
			children = (
				8710CBE4227237D700CBA370 /* prelecta1212.app */,
			);
			name = Products;
			sourceTree = "<group>";
		};
		8710CBE6227237D700CBA370 /* prelecta1212 */ = {
			isa = PBXGroup;
			children = (
				8710CBE7227237D700CBA370 /* AppDelegate.h */,
				8710CBE8227237D700CBA370 /* AppDelegate.m */,
				8710CBEA227237D700CBA370 /* ViewController.h */,
				8710CBEB227237D700CBA370 /* ViewController.m */,
				8710CC01227238FF00CBA370 /* offsets.c */,
				8710CC00227238FF00CBA370 /* offsets.h */,
				8710CBFE227238F600CBA370 /* exploit.h */,
				8710CBFD227238F500CBA370 /* exploit.m */,
				8710CBED227237D700CBA370 /* Main.storyboard */,
				8710CBF0227237D800CBA370 /* Assets.xcassets */,
				8710CBF2227237D800CBA370 /* LaunchScreen.storyboard */,
				8710CBF5227237D800CBA370 /* Info.plist */,
				8710CBF6227237D800CBA370 /* main.m */,
			);
			path = prelecta1212;
			sourceTree = "<group>";
		};
/* End PBXGroup section */

/* Begin PBXNativeTarget section */
		8710CBE3227237D700CBA370 /* prelecta1212 */ = {
			isa = PBXNativeTarget;
			buildConfigurationList = 8710CBFA227237D800CBA370 /* Build configuration list for PBXNativeTarget "prelecta1212" */;
			buildPhases = (
				8710CBE0227237D700CBA370 /* Sources */,
				8710CBE1227237D700CBA370 /* Frameworks */,
				8710CBE2227237D700CBA370 /* Resources */,
			);
			buildRules = (
			);
			dependencies = (
			);
			name = prelecta1212;
			productName = prelecta1212;
			productReference = 8710CBE4227237D700CBA370 /* prelecta1212.app */;
			productType = "com.apple.product-type.application";
		};
/* End PBXNativeTarget section */

/* Begin PBXProject section */
		8710CBDC227237D700CBA370 /* Project object */ = {
			isa = PBXProject;
			attributes = {
				LastUpgradeCheck = 1010;
				ORGANIZATIONNAME = tihmstar;
				TargetAttributes = {
					8710CBE3227237D700CBA370 = {
						CreatedOnToolsVersion = 10.1;
					};
				};
			};
			buildConfigurationList = 8710CBDF227237D700CBA370 /* Build configuration list for PBXProject "prelecta1212" */;
			compatibilityVersion = "Xcode 9.3";
			developmentRegion = en;
			hasScannedForEncodings = 0;
			knownRegions = (
				en,
				Base,
			);
			mainGroup = 8710CBDB227237D700CBA370;
			productRefGroup = 8710CBE5227237D700CBA370 /* Products */;
			projectDirPath = "";
			projectRoot = "";
			targets = (
				8710CBE3227237D700CBA370 /* prelecta1212 */,
			);
		};
/* End PBXProject section */

/* Begin PBXResourcesBuildPhase section */
		8710CBE2227237D700CBA370 /* Resources */ = {
			isa = PBXResourcesBuildPhase;
			buildActionMask = 2147483647;
			files = (
				8710CBF4227237D800CBA370 /* LaunchScreen.storyboard in Resources */,
				8710CBF1227237D800CBA370 /* Assets.xcassets in Resources */,
				8710CBEF227237D700CBA370 /* Main.storyboard in Resources */,
			);
			runOnlyForDeploymentPostprocessing = 0;
		};
/* End PBXResourcesBuildPhase section */

/* Begin PBXSourcesBuildPhase section */
		8710CBE0227237D700CBA370 /* Sources */ = {
			isa = PBXSourcesBuildPhase;
			buildActionMask = 2147483647;
			files = (
				8710CC02227238FF00CBA370 /* offsets.c in Sources */,
				8710CBEC227237D700CBA370 /* ViewController.m in Sources */,
				8710CBFF227238F600CBA370 /* exploit.m in Sources */,
				8710CBF7227237D800CBA370 /* main.m in Sources */,
				8710CBE9227237D700CBA370 /* AppDelegate.m in Sources */,
			);
			runOnlyForDeploymentPostprocessing = 0;
		};
/* End PBXSourcesBuildPhase section */

/* Begin PBXVariantGroup section */
		8710CBED227237D700CBA370 /* Main.storyboard */ = {
			isa = PBXVariantGroup;
			children = (
				8710CBEE227237D700CBA370 /* Base */,
			);
			name = Main.storyboard;
			sourceTree = "<group>";
		};
		8710CBF2227237D800CBA370 /* LaunchScreen.storyboard */ = {
			isa = PBXVariantGroup;
			children = (
				8710CBF3227237D800CBA370 /* Base */,
			);
			name = LaunchScreen.storyboard;
			sourceTree = "<group>";
		};
/* End PBXVariantGroup section */

/* Begin XCBuildConfiguration section */
		8710CBF8227237D800CBA370 /* Debug */ = {
			isa = XCBuildConfiguration;
			buildSettings = {
				ALWAYS_SEARCH_USER_PATHS = NO;
				CLANG_ANALYZER_NONNULL = YES;
				CLANG_ANALYZER_NUMBER_OBJECT_CONVERSION = YES_AGGRESSIVE;
				CLANG_CXX_LANGUAGE_STANDARD = "gnu++14";
				CLANG_CXX_LIBRARY = "libc++";
				CLANG_ENABLE_MODULES = YES;
				CLANG_ENABLE_OBJC_ARC = YES;
				CLANG_ENABLE_OBJC_WEAK = YES;
				CLANG_WARN_BLOCK_CAPTURE_AUTORELEASING = YES;
				CLANG_WARN_BOOL_CONVERSION = YES;
				CLANG_WARN_COMMA = YES;
				CLANG_WARN_CONSTANT_CONVERSION = YES;
				CLANG_WARN_DEPRECATED_OBJC_IMPLEMENTATIONS = YES;
				CLANG_WARN_DIRECT_OBJC_ISA_USAGE = YES_ERROR;
				CLANG_WARN_DOCUMENTATION_COMMENTS = YES;
				CLANG_WARN_EMPTY_BODY = YES;
				CLANG_WARN_ENUM_CONVERSION = YES;
				CLANG_WARN_INFINITE_RECURSION = YES;
				CLANG_WARN_INT_CONVERSION = YES;
				CLANG_WARN_NON_LITERAL_NULL_CONVERSION = YES;
				CLANG_WARN_OBJC_IMPLICIT_RETAIN_SELF = YES;
				CLANG_WARN_OBJC_LITERAL_CONVERSION = YES;
				CLANG_WARN_OBJC_ROOT_CLASS = YES_ERROR;
				CLANG_WARN_RANGE_LOOP_ANALYSIS = YES;
				CLANG_WARN_STRICT_PROTOTYPES = YES;
				CLANG_WARN_SUSPICIOUS_MOVE = YES;
				CLANG_WARN_UNGUARDED_AVAILABILITY = YES_AGGRESSIVE;
				CLANG_WARN_UNREACHABLE_CODE = YES;
				CLANG_WARN__DUPLICATE_METHOD_MATCH = YES;
				CODE_SIGN_IDENTITY = "iPhone Developer";
				COPY_PHASE_STRIP = NO;
				DEBUG_INFORMATION_FORMAT = dwarf;
				ENABLE_STRICT_OBJC_MSGSEND = YES;
				ENABLE_TESTABILITY = YES;
				GCC_C_LANGUAGE_STANDARD = gnu11;
				GCC_DYNAMIC_NO_PIC = NO;
				GCC_NO_COMMON_BLOCKS = YES;
				GCC_OPTIMIZATION_LEVEL = 0;
				GCC_PREPROCESSOR_DEFINITIONS = (
					"DEBUG=1",
					"$(inherited)",
				);
				GCC_WARN_64_TO_32_BIT_CONVERSION = YES;
				GCC_WARN_ABOUT_RETURN_TYPE = YES_ERROR;
				GCC_WARN_UNDECLARED_SELECTOR = YES;
				GCC_WARN_UNINITIALIZED_AUTOS = YES_AGGRESSIVE;
				GCC_WARN_UNUSED_FUNCTION = YES;
				GCC_WARN_UNUSED_VARIABLE = YES;
				IPHONEOS_DEPLOYMENT_TARGET = 12.1;
				MTL_ENABLE_DEBUG_INFO = INCLUDE_SOURCE;
				MTL_FAST_MATH = YES;
				ONLY_ACTIVE_ARCH = YES;
				SDKROOT = iphoneos;
			};
			name = Debug;
		};
		8710CBF9227237D800CBA370 /* Release */ = {
			isa = XCBuildConfiguration;
			buildSettings = {
				ALWAYS_SEARCH_USER_PATHS = NO;
				CLANG_ANALYZER_NONNULL = YES;
				CLANG_ANALYZER_NUMBER_OBJECT_CONVERSION = YES_AGGRESSIVE;
				CLANG_CXX_LANGUAGE_STANDARD = "gnu++14";
				CLANG_CXX_LIBRARY = "libc++";
				CLANG_ENABLE_MODULES = YES;
				CLANG_ENABLE_OBJC_ARC = YES;
				CLANG_ENABLE_OBJC_WEAK = YES;
				CLANG_WARN_BLOCK_CAPTURE_AUTORELEASING = YES;
				CLANG_WARN_BOOL_CONVERSION = YES;
				CLANG_WARN_COMMA = YES;
				CLANG_WARN_CONSTANT_CONVERSION = YES;
				CLANG_WARN_DEPRECATED_OBJC_IMPLEMENTATIONS = YES;
				CLANG_WARN_DIRECT_OBJC_ISA_USAGE = YES_ERROR;
				CLANG_WARN_DOCUMENTATION_COMMENTS = YES;
				CLANG_WARN_EMPTY_BODY = YES;
				CLANG_WARN_ENUM_CONVERSION = YES;
				CLANG_WARN_INFINITE_RECURSION = YES;
				CLANG_WARN_INT_CONVERSION = YES;
				CLANG_WARN_NON_LITERAL_NULL_CONVERSION = YES;
				CLANG_WARN_OBJC_IMPLICIT_RETAIN_SELF = YES;
				CLANG_WARN_OBJC_LITERAL_CONVERSION = YES;
				CLANG_WARN_OBJC_ROOT_CLASS = YES_ERROR;
				CLANG_WARN_RANGE_LOOP_ANALYSIS = YES;
				CLANG_WARN_STRICT_PROTOTYPES = YES;
				CLANG_WARN_SUSPICIOUS_MOVE = YES;
				CLANG_WARN_UNGUARDED_AVAILABILITY = YES_AGGRESSIVE;
				CLANG_WARN_UNREACHABLE_CODE = YES;
				CLANG_WARN__DUPLICATE_METHOD_MATCH = YES;
				CODE_SIGN_IDENTITY = "iPhone Developer";
				COPY_PHASE_STRIP = NO;
				DEBUG_INFORMATION_FORMAT = "dwarf-with-dsym";
				ENABLE_NS_ASSERTIONS = NO;
				ENABLE_STRICT_OBJC_MSGSEND = YES;
				GCC_C_LANGUAGE_STANDARD = gnu11;
				GCC_NO_COMMON_BLOCKS = YES;
				GCC_WARN_64_TO_32_BIT_CONVERSION = YES;
				GCC_WARN_ABOUT_RETURN_TYPE = YES_ERROR;
				GCC_WARN_UNDECLARED_SELECTOR = YES;
				GCC_WARN_UNINITIALIZED_AUTOS = YES_AGGRESSIVE;
				GCC_WARN_UNUSED_FUNCTION = YES;
				GCC_WARN_UNUSED_VARIABLE = YES;
				IPHONEOS_DEPLOYMENT_TARGET = 12.1;
				MTL_ENABLE_DEBUG_INFO = NO;
				MTL_FAST_MATH = YES;
				SDKROOT = iphoneos;
				VALIDATE_PRODUCT = YES;
			};
			name = Release;
		};
		8710CBFB227237D800CBA370 /* Debug */ = {
			isa = XCBuildConfiguration;
			buildSettings = {
				ASSETCATALOG_COMPILER_APPICON_NAME = AppIcon;
				CODE_SIGN_STYLE = Manual;
				DEVELOPMENT_TEAM = M7EX974CE7;
				INFOPLIST_FILE = prelecta1212/Info.plist;
				IPHONEOS_DEPLOYMENT_TARGET = 12;
				LD_RUNPATH_SEARCH_PATHS = (
					"$(inherited)",
					"@executable_path/Frameworks",
				);
				PRODUCT_BUNDLE_IDENTIFIER = net.tihmstar.prelecta1212;
				PRODUCT_NAME = "$(TARGET_NAME)";
				PROVISIONING_PROFILE_SPECIFIER = hasi;
				TARGETED_DEVICE_FAMILY = "1,2";
			};
			name = Debug;
		};
		8710CBFC227237D800CBA370 /* Release */ = {
			isa = XCBuildConfiguration;
			buildSettings = {
				ASSETCATALOG_COMPILER_APPICON_NAME = AppIcon;
				CODE_SIGN_STYLE = Manual;
				DEVELOPMENT_TEAM = "";
				INFOPLIST_FILE = prelecta1212/Info.plist;
				IPHONEOS_DEPLOYMENT_TARGET = 12;
				LD_RUNPATH_SEARCH_PATHS = (
					"$(inherited)",
					"@executable_path/Frameworks",
				);
				PRODUCT_BUNDLE_IDENTIFIER = net.tihmstar.prelecta1212;
				PRODUCT_NAME = "$(TARGET_NAME)";
				PROVISIONING_PROFILE_SPECIFIER = "";
				TARGETED_DEVICE_FAMILY = "1,2";
			};
			name = Release;
		};
/* End XCBuildConfiguration section */

/* Begin XCConfigurationList section */
		8710CBDF227237D700CBA370 /* Build configuration list for PBXProject "prelecta1212" */ = {
			isa = XCConfigurationList;
			buildConfigurations = (
				8710CBF8227237D800CBA370 /* Debug */,
				8710CBF9227237D800CBA370 /* Release */,
			);
			defaultConfigurationIsVisible = 0;
			defaultConfigurationName = Release;
		};
		8710CBFA227237D800CBA370 /* Build configuration list for PBXNativeTarget "prelecta1212" */ = {
			isa = XCConfigurationList;
			buildConfigurations = (
				8710CBFB227237D800CBA370 /* Debug */,
				8710CBFC227237D800CBA370 /* Release */,
			);
			defaultConfigurationIsVisible = 0;
			defaultConfigurationName = Release;
		};
/* End XCConfigurationList section */
	};
	rootObject = 8710CBDC227237D700CBA370 /* Project object */;
}
